
Microsoft Visual Studio Solution File, Format Version 12.00
# Visual Studio Version 17
VisualStudioVersion = 17.1.32319.34
MinimumVisualStudioVersion = 10.0.40219.1
Project("{FAE04EC0-301F-11D3-BF4B-00C04F79EFBC}") = "Exercicio2_lista", "Exercicio2_lista\Exercicio2_lista.csproj", "{CA35832E-D072-4B94-B17E-1BCB1DC80D9D}"
EndProject
Global
	GlobalSection(SolutionConfigurationPlatforms) = preSolution
		Debug|Any CPU = Debug|Any CPU
		Release|Any CPU = Release|Any CPU
	EndGlobalSection
	GlobalSection(ProjectConfigurationPlatforms) = postSolution
		{CA35832E-D072-4B94-B17E-1BCB1DC80D9D}.Debug|Any CPU.ActiveCfg = Debug|Any CPU
		{CA35832E-D072-4B94-B17E-1BCB1DC80D9D}.Debug|Any CPU.Build.0 = Debug|Any CPU
		{CA35832E-D072-4B94-B17E-1BCB1DC80D9D}.Release|Any CPU.ActiveCfg = Release|Any CPU
		{CA35832E-D072-4B94-B17E-1BCB1DC80D9D}.Release|Any CPU.Build.0 = Release|Any CPU
	EndGlobalSection
	GlobalSection(SolutionProperties) = preSolution
		HideSolutionNode = FALSE
	EndGlobalSection
	GlobalSection(ExtensibilityGlobals) = postSolution
		SolutionGuid = {00183644-2422-4F67-8291-B1B3D108174D}
	EndGlobalSection
EndGlobal
