
Microsoft Visual Studio Solution File, Format Version 12.00
# Visual Studio Version 16
VisualStudioVersion = 16.0.32106.194
MinimumVisualStudioVersion = 10.0.40219.1
Project("{FAE04EC0-301F-11D3-BF4B-00C04F79EFBC}") = "sortSelect", "sortSelect\sortSelect.csproj", "{C89869EE-BC91-4F22-96B2-B404CCAF46F8}"
EndProject
Global
	GlobalSection(SolutionConfigurationPlatforms) = preSolution
		Debug|Any CPU = Debug|Any CPU
		Release|Any CPU = Release|Any CPU
	EndGlobalSection
	GlobalSection(ProjectConfigurationPlatforms) = postSolution
		{C89869EE-BC91-4F22-96B2-B404CCAF46F8}.Debug|Any CPU.ActiveCfg = Debug|Any CPU
		{C89869EE-BC91-4F22-96B2-B404CCAF46F8}.Debug|Any CPU.Build.0 = Debug|Any CPU
		{C89869EE-BC91-4F22-96B2-B404CCAF46F8}.Release|Any CPU.ActiveCfg = Release|Any CPU
		{C89869EE-BC91-4F22-96B2-B404CCAF46F8}.Release|Any CPU.Build.0 = Release|Any CPU
	EndGlobalSection
	GlobalSection(SolutionProperties) = preSolution
		HideSolutionNode = FALSE
	EndGlobalSection
	GlobalSection(ExtensibilityGlobals) = postSolution
		SolutionGuid = {AF4B700E-59FB-4EB0-8A66-1A05CBA228E5}
	EndGlobalSection
EndGlobal
